{
  "name": "restauranteweb",
  "version": "1.0.0",
  "lockfileVersion": 1,
  "requires": true,
  "dependencies": {
    "@webassemblyjs/ast": {
      "version": "1.7.11",
      "resolved": "https://registry.npmjs.org/@webassemblyjs/ast/-/ast-1.7.11.tgz",
      "integrity": "sha512-ZEzy4vjvTzScC+SH8RBssQUawpaInUdMTYwYYLh54/s8TuT0gBLuyUnppKsVyZEi876VmmStKsUs28UxPgdvrA==",
      "requires": {
        "@webassemblyjs/helper-module-context": "1.7.11",
        "@webassemblyjs/helper-wasm-bytecode": "1.7.11",
        "@webassemblyjs/wast-parser": "1.7.11"
      }
    },
    "@webassemblyjs/floating-point-hex-parser": {
      "version": "1.7.11",
      "resolved": "https://registry.npmjs.org/@webassemblyjs/floating-point-hex-parser/-/floating-point-hex-parser-1.7.11.tgz",
      "integrity": "sha512-zY8dSNyYcgzNRNT666/zOoAyImshm3ycKdoLsyDw/Bwo6+/uktb7p4xyApuef1dwEBo/U/SYQzbGBvV+nru2Xg=="
    },
    "@webassemblyjs/helper-api-error": {
      "version": "1.7.11",
      "resolved": "https://registry.npmjs.org/@webassemblyjs/helper-api-error/-/helper-api-error-1.7.11.tgz",
      "integrity": "sha512-7r1qXLmiglC+wPNkGuXCvkmalyEstKVwcueZRP2GNC2PAvxbLYwLLPr14rcdJaE4UtHxQKfFkuDFuv91ipqvXg=="
    },
    "@webassemblyjs/helper-buffer": {
      "version": "1.7.11",
      "resolved": "https://registry.npmjs.org/@webassemblyjs/helper-buffer/-/helper-buffer-1.7.11.tgz",
      "integrity": "sha512-MynuervdylPPh3ix+mKZloTcL06P8tenNH3sx6s0qE8SLR6DdwnfgA7Hc9NSYeob2jrW5Vql6GVlsQzKQCa13w=="
    },
    "@webassemblyjs/helper-code-frame": {
      "version": "1.7.11",
      "resolved": "https://registry.npmjs.org/@webassemblyjs/helper-code-frame/-/helper-code-frame-1.7.11.tgz",
      "integrity": "sha512-T8ESC9KMXFTXA5urJcyor5cn6qWeZ4/zLPyWeEXZ03hj/x9weSokGNkVCdnhSabKGYWxElSdgJ+sFa9G/RdHNw==",
      "requires": {
        "@webassemblyjs/wast-printer": "1.7.11"
      }
    },
    "@webassemblyjs/helper-fsm": {
      "version": "1.7.11",
      "resolved": "https://registry.npmjs.org/@webassemblyjs/helper-fsm/-/helper-fsm-1.7.11.tgz",
      "integrity": "sha512-nsAQWNP1+8Z6tkzdYlXT0kxfa2Z1tRTARd8wYnc/e3Zv3VydVVnaeePgqUzFrpkGUyhUUxOl5ML7f1NuT+gC0A=="
    },
    "@webassemblyjs/helper-module-context": {
      "version": "1.7.11",
      "resolved": "https://registry.npmjs.org/@webassemblyjs/helper-module-context/-/helper-module-context-1.7.11.tgz",
      "integrity": "sha512-JxfD5DX8Ygq4PvXDucq0M+sbUFA7BJAv/GGl9ITovqE+idGX+J3QSzJYz+LwQmL7fC3Rs+utvWoJxDb6pmC0qg=="
    },
    "@webassemblyjs/helper-wasm-bytecode": {
      "version": "1.7.11",
      "resolved": "https://registry.npmjs.org/@webassemblyjs/helper-wasm-bytecode/-/helper-wasm-bytecode-1.7.11.tgz",
      "integrity": "sha512-cMXeVS9rhoXsI9LLL4tJxBgVD/KMOKXuFqYb5oCJ/opScWpkCMEz9EJtkonaNcnLv2R3K5jIeS4TRj/drde1JQ=="
    },
    "@webassemblyjs/helper-wasm-section": {
      "version": "1.7.11",
      "resolved": "https://registry.npmjs.org/@webassemblyjs/helper-wasm-section/-/helper-wasm-section-1.7.11.tgz",
      "integrity": "sha512-8ZRY5iZbZdtNFE5UFunB8mmBEAbSI3guwbrsCl4fWdfRiAcvqQpeqd5KHhSWLL5wuxo53zcaGZDBU64qgn4I4Q==",
      "requires": {
        "@webassemblyjs/ast": "1.7.11",
        "@webassemblyjs/helper-buffer": "1.7.11",
        "@webassemblyjs/helper-wasm-bytecode": "1.7.11",
        "@webassemblyjs/wasm-gen": "1.7.11"
      }
    },
    "@webassemblyjs/ieee754": {
      "version": "1.7.11",
      "resolved": "https://registry.npmjs.org/@webassemblyjs/ieee754/-/ieee754-1.7.11.tgz",
      "integrity": "sha512-Mmqx/cS68K1tSrvRLtaV/Lp3NZWzXtOHUW2IvDvl2sihAwJh4ACE0eL6A8FvMyDG9abes3saB6dMimLOs+HMoQ==",
      "requires": {
        "@xtuc/ieee754": "1.2.0"
      }
    },
    "@webassemblyjs/leb128": {
      "version": "1.7.11",
      "resolved": "https://registry.npmjs.org/@webassemblyjs/leb128/-/leb128-1.7.11.tgz",
      "integrity": "sha512-vuGmgZjjp3zjcerQg+JA+tGOncOnJLWVkt8Aze5eWQLwTQGNgVLcyOTqgSCxWTR4J42ijHbBxnuRaL1Rv7XMdw==",
      "requires": {
        "@xtuc/long": "4.2.1"
      }
    },
    "@webassemblyjs/utf8": {
      "version": "1.7.11",
      "resolved": "https://registry.npmjs.org/@webassemblyjs/utf8/-/utf8-1.7.11.tgz",
      "integrity": "sha512-C6GFkc7aErQIAH+BMrIdVSmW+6HSe20wg57HEC1uqJP8E/xpMjXqQUxkQw07MhNDSDcGpxI9G5JSNOQCqJk4sA=="
    },
    "@webassemblyjs/wasm-edit": {
      "version": "1.7.11",
      "resolved": "https://registry.npmjs.org/@webassemblyjs/wasm-edit/-/wasm-edit-1.7.11.tgz",
      "integrity": "sha512-FUd97guNGsCZQgeTPKdgxJhBXkUbMTY6hFPf2Y4OedXd48H97J+sOY2Ltaq6WGVpIH8o/TGOVNiVz/SbpEMJGg==",
      "requires": {
        "@webassemblyjs/ast": "1.7.11",
        "@webassemblyjs/helper-buffer": "1.7.11",
        "@webassemblyjs/helper-wasm-bytecode": "1.7.11",
        "@webassemblyjs/helper-wasm-section": "1.7.11",
        "@webassemblyjs/wasm-gen": "1.7.11",
        "@webassemblyjs/wasm-opt": "1.7.11",
        "@webassemblyjs/wasm-parser": "1.7.11",
        "@webassemblyjs/wast-printer": "1.7.11"
      }
    },
    "@webassemblyjs/wasm-gen": {
      "version": "1.7.11",
      "resolved": "https://registry.npmjs.org/@webassemblyjs/wasm-gen/-/wasm-gen-1.7.11.tgz",
      "integrity": "sha512-U/KDYp7fgAZX5KPfq4NOupK/BmhDc5Kjy2GIqstMhvvdJRcER/kUsMThpWeRP8BMn4LXaKhSTggIJPOeYHwISA==",
      "requires": {
        "@webassemblyjs/ast": "1.7.11",
        "@webassemblyjs/helper-wasm-bytecode": "1.7.11",
        "@webassemblyjs/ieee754": "1.7.11",
        "@webassemblyjs/leb128": "1.7.11",
        "@webassemblyjs/utf8": "1.7.11"
      }
    },
    "@webassemblyjs/wasm-opt": {
      "version": "1.7.11",
      "resolved": "https://registry.npmjs.org/@webassemblyjs/wasm-opt/-/wasm-opt-1.7.11.tgz",
      "integrity": "sha512-XynkOwQyiRidh0GLua7SkeHvAPXQV/RxsUeERILmAInZegApOUAIJfRuPYe2F7RcjOC9tW3Cb9juPvAC/sCqvg==",
      "requires": {
        "@webassemblyjs/ast": "1.7.11",
        "@webassemblyjs/helper-buffer": "1.7.11",
        "@webassemblyjs/wasm-gen": "1.7.11",
        "@webassemblyjs/wasm-parser": "1.7.11"
      }
    },
    "@webassemblyjs/wasm-parser": {
      "version": "1.7.11",
      "resolved": "https://registry.npmjs.org/@webassemblyjs/wasm-parser/-/wasm-parser-1.7.11.tgz",
      "integrity": "sha512-6lmXRTrrZjYD8Ng8xRyvyXQJYUQKYSXhJqXOBLw24rdiXsHAOlvw5PhesjdcaMadU/pyPQOJ5dHreMjBxwnQKg==",
      "requires": {
        "@webassemblyjs/ast": "1.7.11",
        "@webassemblyjs/helper-api-error": "1.7.11",
        "@webassemblyjs/helper-wasm-bytecode": "1.7.11",
        "@webassemblyjs/ieee754": "1.7.11",
        "@webassemblyjs/leb128": "1.7.11",
        "@webassemblyjs/utf8": "1.7.11"
      }
    },
    "@webassemblyjs/wast-parser": {
      "version": "1.7.11",
      "resolved": "https://registry.npmjs.org/@webassemblyjs/wast-parser/-/wast-parser-1.7.11.tgz",
      "integrity": "sha512-lEyVCg2np15tS+dm7+JJTNhNWq9yTZvi3qEhAIIOaofcYlUp0UR5/tVqOwa/gXYr3gjwSZqw+/lS9dscyLelbQ==",
      "requires": {
        "@webassemblyjs/ast": "1.7.11",
        "@webassemblyjs/floating-point-hex-parser": "1.7.11",
        "@webassemblyjs/helper-api-error": "1.7.11",
        "@webassemblyjs/helper-code-frame": "1.7.11",
        "@webassemblyjs/helper-fsm": "1.7.11",
        "@xtuc/long": "4.2.1"
      }
    },
    "@webassemblyjs/wast-printer": {
      "version": "1.7.11",
      "resolved": "https://registry.npmjs.org/@webassemblyjs/wast-printer/-/wast-printer-1.7.11.tgz",
      "integrity": "sha512-m5vkAsuJ32QpkdkDOUPGSltrg8Cuk3KBx4YrmAGQwCZPRdUHXxG4phIOuuycLemHFr74sWL9Wthqss4fzdzSwg==",
      "requires": {
        "@webassemblyjs/ast": "1.7.11",
        "@webassemblyjs/wast-parser": "1.7.11",
        "@xtuc/long": "4.2.1"
      }
    },
    "@xtuc/ieee754": {
      "version": "1.2.0",
      "resolved": "https://registry.npmjs.org/@xtuc/ieee754/-/ieee754-1.2.0.tgz",
      "integrity": "sha512-DX8nKgqcGwsc0eJSqYt5lwP4DH5FlHnmuWWBRy7X0NcaGR0ZtuyeESgMwTYVEtxmsNGY+qit4QYT/MIYTOTPeA=="
    },
    "@xtuc/long": {
      "version": "4.2.1",
      "resolved": "https://registry.npmjs.org/@xtuc/long/-/long-4.2.1.tgz",
      "integrity": "sha512-FZdkNBDqBRHKQ2MEbSC17xnPFOhZxeJ2YGSfr2BKf3sujG49Qe3bB+rGCwQfIaA7WHnGeGkSijX4FuBCdrzW/g=="
    },
    "accepts": {
      "version": "1.3.5",
      "resolved": "https://registry.npmjs.org/accepts/-/accepts-1.3.5.tgz",
      "integrity": "sha1-63d99gEXI6OxTopywIBcjoZ0a9I=",
      "requires": {
        "mime-types": "2.1.21",
        "negotiator": "0.6.1"
      }
    },
    "acorn": {
      "version": "8.0.4",
      "resolved": "https://registry.npmjs.org/acorn/-/acorn-8.0.4.tgz",
      "integrity": "sha512-T/zvzYRfbVojPWahDsE5evJdHb3oJoQfFbsrKM7w5Zcs++Tr257tia3BmMP8XYVjp1S9RZXQMh7gao96BlqZOw=="
    },
    "acorn-dynamic-import": {
      "version": "3.0.0",
      "resolved": "https://registry.npmjs.org/acorn-dynamic-import/-/acorn-dynamic-import-3.0.0.tgz",
      "integrity": "sha512-zVWV8Z8lislJoOKKqdNMOB+s6+XV5WERty8MnKBeFgwA+19XJjJHs2RP5dzM57FftIs+jQnRToLiWazKr6sSWg==",
      "requires": {
        "acorn": "5.7.3"
      }
    },
    "ajv": {
      "version": "6.6.2",
      "resolved": "https://registry.npmjs.org/ajv/-/ajv-6.6.2.tgz",
      "integrity": "sha512-FBHEW6Jf5TB9MGBgUUA9XHkTbjXYfAUjY43ACMfmdMRHniyoMHjHjzD50OK8LGDWQwp4rWEsIq5kEqq7rvIM1g==",
      "requires": {
        "fast-deep-equal": "2.0.1",
        "fast-json-stable-stringify": "2.0.0",
        "json-schema-traverse": "0.4.1",
        "uri-js": "4.2.2"
      }
    },
    "ajv-errors": {
      "version": "1.0.1",
      "resolved": "https://registry.npmjs.org/ajv-errors/-/ajv-errors-1.0.1.tgz",
      "integrity": "sha512-DCRfO/4nQ+89p/RK43i8Ezd41EqdGIU4ld7nGF8OQ14oc/we5rEntLCUa7+jrn3nn83BosfwZA0wb4pon2o8iQ=="
    },
    "ajv-keywords": {
      "version": "3.2.0",
      "resolved": "https://registry.npmjs.org/ajv-keywords/-/ajv-keywords-3.2.0.tgz",
      "integrity": "sha1-6GuBnGAs+IIa1jdBNpjx3sAhhHo="
    },
    "ansi-colors": {
      "version": "3.2.3",
      "resolved": "https://registry.npmjs.org/ansi-colors/-/ansi-colors-3.2.3.tgz",
      "integrity": "sha512-LEHHyuhlPY3TmuUYMh2oz89lTShfvgbmzaBcxve9t/9Wuy7Dwf4yoAKcND7KFT1HAQfqZ12qtc+DUrBMeKF9nw=="
    },
    "ansi-html": {
      "version": "0.0.7",
      "resolved": "https://registry.npmjs.org/ansi-html/-/ansi-html-0.0.7.tgz",
      "integrity": "sha1-gTWEAhliqenm/QOflA0S9WynhZ4="
    },
    "ansi-regex": {
      "version": "2.1.1",
      "resolved": "https://registry.npmjs.org/ansi-regex/-/ansi-regex-2.1.1.tgz",
      "integrity": "sha1-w7M6te42DYbg5ijwRorn7yfWVN8="
    },
    "ansi-styles": {
      "version": "3.2.1",
      "resolved": "https://registry.npmjs.org/ansi-styles/-/ansi-styles-3.2.1.tgz",
      "integrity": "sha512-VT0ZI6kZRdTh8YyJw3SMbYm/u+NqfsAxEpWO0Pf9sq8/e94WxxOpPKx9FR1FlyCtOVDNOQ+8ntlqFxiRc+r5qA==",
      "requires": {
        "color-convert": "1.9.3"
      }
    },
    "anymatch": {
      "version": "2.0.0",
      "resolved": "https://registry.npmjs.org/anymatch/-/anymatch-2.0.0.tgz",
      "integrity": "sha512-5teOsQWABXHHBFP9y3skS5P3d/WfWXpv3FUpy+LorMrNYaT9pI4oLMQX7jzQ2KklNpGpWHzdCXTDT2Y3XGlZBw==",
      "requires": {
        "micromatch": "3.1.10",
        "normalize-path": "2.1.1"
      }
    },
    "aproba": {
      "version": "1.2.0",
      "resolved": "https://registry.npmjs.org/aproba/-/aproba-1.2.0.tgz",
      "integrity": "sha512-Y9J6ZjXtoYh8RnXVCMOU/ttDmk1aBjunq9vO0ta5x85WDQiQfUF9sIPBITdbiiIVcBo03Hi3jMxigBtsddlXRw=="
    },
    "arr-diff": {
      "version": "4.0.0",
      "resolved": "https://registry.npmjs.org/arr-diff/-/arr-diff-4.0.0.tgz",
      "integrity": "sha1-1kYQdP6/7HHn4VI1dhoyml3HxSA="
    },
    "arr-flatten": {
      "version": "1.1.0",
      "resolved": "https://registry.npmjs.org/arr-flatten/-/arr-flatten-1.1.0.tgz",
      "integrity": "sha512-L3hKV5R/p5o81R7O02IGnwpDmkp6E982XhtbuwSe3O4qOtMMMtodicASA1Cny2U+aCXcNpml+m4dPsvsJ3jatg=="
    },
    "arr-union": {
      "version": "3.1.0",
      "resolved": "https://registry.npmjs.org/arr-union/-/arr-union-3.1.0.tgz",
      "integrity": "sha1-45sJrqne+Gao8gbiiK9jkZuuOcQ="
    },
    "array-flatten": {
      "version": "2.1.2",
      "resolved": "https://registry.npmjs.org/array-flatten/-/array-flatten-2.1.2.tgz",
      "integrity": "sha512-hNfzcOV8W4NdualtqBFPyVO+54DSJuZGY9qT4pRroB6S9e3iiido2ISIC5h9R2sPJ8H3FHCIiEnsv1lPXO3KtQ=="
    },
    "array-union": {
      "version": "1.0.2",
      "resolved": "https://registry.npmjs.org/array-union/-/array-union-1.0.2.tgz",
      "integrity": "sha1-mjRBDk9OPaI96jdb5b5w8kd47Dk=",
      "requires": {
        "array-uniq": "1.0.3"
      }
    },
    "array-uniq": {
      "version": "1.0.3",
      "resolved": "https://registry.npmjs.org/array-uniq/-/array-uniq-1.0.3.tgz",
      "integrity": "sha1-r2rId6Jcx/dOBYiUdThY39sk/bY="
    },
    "array-unique": {
      "version": "0.3.2",
      "resolved": "https://registry.npmjs.org/array-unique/-/array-unique-0.3.2.tgz",
      "integrity": "sha1-qJS3XUvE9s1nnvMkSp/Y9Gri1Cg="
    },
    "asn1.js": {
      "version": "4.10.1",
      "resolved": "https://registry.npmjs.org/asn1.js/-/asn1.js-4.10.1.tgz",
      "integrity": "sha512-p32cOF5q0Zqs9uBiONKYLm6BClCoBCM5O9JfeUSlnQLBTxYdTK+pW+nXflm8UkKd2UYlEbYz5qEi0JuZR9ckSw==",
      "requires": {
        "bn.js": "4.11.8",
        "inherits": "2.0.3",
        "minimalistic-assert": "1.0.1"
      }
    },
    "assert": {
      "version": "1.4.1",
      "resolved": "https://registry.npmjs.org/assert/-/assert-1.4.1.tgz",
      "integrity": "sha1-mZEtWRg2tab1s0XA8H7vwI/GXZE=",
      "requires": {
        "util": "0.10.3"
      },
      "dependencies": {
        "inherits": {
          "version": "2.0.1",
          "resolved": "https://registry.npmjs.org/inherits/-/inherits-2.0.1.tgz",
          "integrity": "sha1-sX0I0ya0Qj5Wjv9xn5GwscvfafE="
        },
        "util": {
          "version": "0.10.3",
          "resolved": "https://registry.npmjs.org/util/-/util-0.10.3.tgz",
          "integrity": "sha1-evsa/lCAUkZInj23/g7TeTNqwPk=",
          "requires": {
            "inherits": "2.0.1"
          }
        }
      }
    },
    "assign-symbols": {
      "version": "1.0.0",
      "resolved": "https://registry.npmjs.org/assign-symbols/-/assign-symbols-1.0.0.tgz",
      "integrity": "sha1-WWZ/QfrdTyDMvCu5a41Pf3jsA2c="
    },
    "async": {
      "version": "1.5.2",
      "resolved": "http://registry.npmjs.org/async/-/async-1.5.2.tgz",
      "integrity": "sha1-7GphrlZIDAw8skHJVhjiCJL5Zyo="
    },
    "async-each": {
      "version": "1.0.1",
      "resolved": "https://registry.npmjs.org/async-each/-/async-each-1.0.1.tgz",
      "integrity": "sha1-GdOGodntxufByF04iu28xW0zYC0="
    },
    "atob": {
      "version": "2.1.2",
      "resolved": "https://registry.npmjs.org/atob/-/atob-2.1.2.tgz",
      "integrity": "sha512-Wm6ukoaOGJi/73p/cl2GvLjTI5JM1k/O14isD73YML8StrH/7/lRFgmg8nICZgD3bZZvjwCGxtMOD3wWNAu8cg=="
    },
    "balanced-match": {
      "version": "1.0.0",
      "resolved": "https://registry.npmjs.org/balanced-match/-/balanced-match-1.0.0.tgz",
      "integrity": "sha1-ibTRmasr7kneFk6gK4nORi1xt2c="
    },
    "base": {
      "version": "0.11.2",
      "resolved": "https://registry.npmjs.org/base/-/base-0.11.2.tgz",
      "integrity": "sha512-5T6P4xPgpp0YDFvSWwEZ4NoE3aM4QBQXDzmVbraCkFj8zHM+mba8SyqB5DbZWyR7mYHo6Y7BdQo3MoA4m0TeQg==",
      "requires": {
        "cache-base": "1.0.1",
        "class-utils": "0.3.6",
        "component-emitter": "1.2.1",
        "define-property": "1.0.0",
        "isobject": "3.0.1",
        "mixin-deep": "2.0.1",
        "pascalcase": "0.1.1"
      },
      "dependencies": {
        "define-property": {
          "version": "1.0.0",
          "resolved": "https://registry.npmjs.org/define-property/-/define-property-1.0.0.tgz",
          "integrity": "sha1-dp66rz9KY6rTr56NMEybvnm/sOY=",
          "requires": {
            "is-descriptor": "1.0.2"
          }
        },
        "is-accessor-descriptor": {
          "version": "1.0.0",
          "resolved": "https://registry.npmjs.org/is-accessor-descriptor/-/is-accessor-descriptor-1.0.0.tgz",
          "integrity": "sha512-m5hnHTkcVsPfqx3AKlyttIPb7J+XykHvJP2B9bZDjlhLIoEq4XoK64Vg7boZlVWYK6LUY94dYPEE7Lh0ZkZKcQ==",
          "requires": {
            "kind-of": "6.0.3"
          }
        },
        "is-data-descriptor": {
          "version": "1.0.0",
          "resolved": "https://registry.npmjs.org/is-data-descriptor/-/is-data-descriptor-1.0.0.tgz",
          "integrity": "sha512-jbRXy1FmtAoCjQkVmIVYwuuqDFUbaOeDjmed1tOGPrsMhtJA4rD9tkgA0F1qJ3gRFRXcHYVkdeaP50Q5rE/jLQ==",
          "requires": {
            "kind-of": "6.0.3"
          }
        },
        "is-descriptor": {
          "version": "1.0.2",
          "resolved": "https://registry.npmjs.org/is-descriptor/-/is-descriptor-1.0.2.tgz",
          "integrity": "sha512-2eis5WqQGV7peooDyLmNEPUrps9+SXX5c9pL3xEB+4e9HnGuDa7mB7kHxHw4CbqS9k1T2hOH3miL8n8WtiYVtg==",
          "requires": {
            "is-accessor-descriptor": "1.0.0",
            "is-data-descriptor": "1.0.0",
            "kind-of": "6.0.3"
          }
        }
      }
    },
    "base64-js": {
      "version": "1.3.0",
      "resolved": "https://registry.npmjs.org/base64-js/-/base64-js-1.3.0.tgz",
      "integrity": "sha512-ccav/yGvoa80BQDljCxsmmQ3Xvx60/UpBIij5QN21W3wBi/hhIC9OoO+KLpu9IJTS9j4DRVJ3aDDF9cMSoa2lw=="
    },
    "batch": {
      "version": "0.6.1",
      "resolved": "https://registry.npmjs.org/batch/-/batch-0.6.1.tgz",
      "integrity": "sha1-3DQxT05nkxgJP8dgJyUl+UvyXBY="
    },
    "big.js": {
      "version": "5.2.2",
      "resolved": "https://registry.npmjs.org/big.js/-/big.js-5.2.2.tgz",
      "integrity": "sha512-vyL2OymJxmarO8gxMr0mhChsO9QGwhynfuu4+MHTAW6czfq9humCB7rKpUjDd9YUiDPU4mzpyupFSvOClAwbmQ=="
    },
    "binary-extensions": {
      "version": "1.12.0",
      "resolved": "https://registry.npmjs.org/binary-extensions/-/binary-extensions-1.12.0.tgz",
      "integrity": "sha512-DYWGk01lDcxeS/K9IHPGWfT8PsJmbXRtRd2Sx72Tnb8pcYZQFF1oSDb8hJtS1vhp212q1Rzi5dUf9+nq0o9UIg=="
    },
    "bluebird": {
      "version": "3.5.3",
      "resolved": "https://registry.npmjs.org/bluebird/-/bluebird-3.5.3.tgz",
      "integrity": "sha512-/qKPUQlaW1OyR51WeCPBvRnAlnZFUJkCSG5HzGnuIqhgyJtF+T94lFnn33eiazjRm2LAHVy2guNnaq48X9SJuw=="
    },
    "bn.js": {
      "version": "4.11.8",
      "resolved": "https://registry.npmjs.org/bn.js/-/bn.js-4.11.8.tgz",
      "integrity": "sha512-ItfYfPLkWHUjckQCk8xC+LwxgK8NYcXywGigJgSwOP8Y2iyWT4f2vsZnoOXTTbo+o5yXmIUJ4gn5538SO5S3gA=="
    },
    "body-parser": {
      "version": "1.18.3",
      "resolved": "https://registry.npmjs.org/body-parser/-/body-parser-1.18.3.tgz",
      "integrity": "sha1-WykhmP/dVTs6DyDe0FkrlWlVyLQ=",
      "requires": {
        "bytes": "3.0.0",
        "content-type": "1.0.4",
        "debug": "2.6.9",
        "depd": "1.1.2",
        "http-errors": "1.6.3",
        "iconv-lite": "0.4.23",
        "on-finished": "2.3.0",
        "qs": "6.5.2",
        "raw-body": "2.3.3",
        "type-is": "1.6.16"
      }
    },
    "bonjour": {
      "version": "3.5.0",
      "resolved": "https://registry.npmjs.org/bonjour/-/bonjour-3.5.0.tgz",
      "integrity": "sha1-jokKGD2O6aI5OzhExpGkK897yfU=",
      "requires": {
        "array-flatten": "2.1.2",
        "deep-equal": "1.0.1",
        "dns-equal": "1.0.0",
        "dns-txt": "2.0.2",
        "multicast-dns": "6.2.3",
        "multicast-dns-service-types": "1.1.0"
      }
    },
    "boolbase": {
      "version": "1.0.0",
      "resolved": "https://registry.npmjs.org/boolbase/-/boolbase-1.0.0.tgz",
      "integrity": "sha1-aN/1++YMUes3cl6p4+0xDcwed24="
    },
    "brace-expansion": {
      "version": "1.1.11",
      "resolved": "https://registry.npmjs.org/brace-expansion/-/brace-expansion-1.1.11.tgz",
      "integrity": "sha512-iCuPHDFgrHX7H2vEI/5xpz07zSHB00TpugqhmYtVmMO6518mCuRMoOYFldEBl0g187ufozdaHgWKcYFb61qGiA==",
      "requires": {
        "balanced-match": "1.0.0",
        "concat-map": "0.0.1"
      }
    },
    "braces": {
      "version": "2.3.2",
      "resolved": "https://registry.npmjs.org/braces/-/braces-2.3.2.tgz",
      "integrity": "sha512-aNdbnj9P8PjdXU4ybaWLK2IF3jc/EoDYbC7AazW6to3TRsfXxscC9UXOB5iDiEQrkyIbWp2SLQda4+QAa7nc3w==",
      "requires": {
        "arr-flatten": "1.1.0",
        "array-unique": "0.3.2",
        "extend-shallow": "2.0.1",
        "fill-range": "4.0.0",
        "isobject": "3.0.1",
        "repeat-element": "1.1.3",
        "snapdragon": "0.8.2",
        "snapdragon-node": "2.1.1",
        "split-string": "3.1.0",
        "to-regex": "3.0.2"
      },
      "dependencies": {
        "extend-shallow": {
          "version": "2.0.1",
          "resolved": "https://registry.npmjs.org/extend-shallow/-/extend-shallow-2.0.1.tgz",
          "integrity": "sha1-Ua99YUrZqfYQ6huvu5idaxxWiQ8=",
          "requires": {
            "is-extendable": "0.1.1"
          }
        }
      }
    },
    "brorand": {
      "version": "1.1.0",
      "resolved": "https://registry.npmjs.org/brorand/-/brorand-1.1.0.tgz",
      "integrity": "sha1-EsJe/kCkXjwyPrhnWgoM5XsiNx8="
    },
    "browserify-aes": {
      "version": "1.2.0",
      "resolved": "http://registry.npmjs.org/browserify-aes/-/browserify-aes-1.2.0.tgz",
      "integrity": "sha512-+7CHXqGuspUn/Sl5aO7Ea0xWGAtETPXNSAjHo48JfLdPWcMng33Xe4znFvQweqc/uzk5zSOI3H52CYnjCfb5hA==",
      "requires": {
        "buffer-xor": "1.0.3",
        "cipher-base": "1.0.4",
        "create-hash": "1.2.0",
        "evp_bytestokey": "1.0.3",
        "inherits": "2.0.3",
        "safe-buffer": "5.1.2"
      }
    },
    "browserify-cipher": {
      "version": "1.0.1",
      "resolved": "https://registry.npmjs.org/browserify-cipher/-/browserify-cipher-1.0.1.tgz",
      "integrity": "sha512-sPhkz0ARKbf4rRQt2hTpAHqn47X3llLkUGn+xEJzLjwY8LRs2p0v7ljvI5EyoRO/mexrNunNECisZs+gw2zz1w==",
      "requires": {
        "browserify-aes": "1.2.0",
        "browserify-des": "1.0.2",
        "evp_bytestokey": "1.0.3"
      }
    },
    "browserify-des": {
      "version": "1.0.2",
      "resolved": "https://registry.npmjs.org/browserify-des/-/browserify-des-1.0.2.tgz",
      "integrity": "sha512-BioO1xf3hFwz4kc6iBhI3ieDFompMhrMlnDFC4/0/vd5MokpuAc3R+LYbwTA9A5Yc9pq9UYPqffKpW2ObuwX5A==",
      "requires": {
        "cipher-base": "1.0.4",
        "des.js": "1.0.0",
        "inherits": "2.0.3",
        "safe-buffer": "5.1.2"
      }
    },
    "browserify-rsa": {
      "version": "4.0.1",
      "resolved": "http://registry.npmjs.org/browserify-rsa/-/browserify-rsa-4.0.1.tgz",
      "integrity": "sha1-IeCr+vbyApzy+vsTNWenAdQTVSQ=",
      "requires": {
        "bn.js": "4.11.8",
        "randombytes": "2.0.6"
      }
    },
    "browserify-sign": {
      "version": "4.0.4",
      "resolved": "https://registry.npmjs.org/browserify-sign/-/browserify-sign-4.0.4.tgz",
      "integrity": "sha1-qk62jl17ZYuqa/alfmMMvXqT0pg=",
      "requires": {
        "bn.js": "4.11.8",
        "browserify-rsa": "4.0.1",
        "create-hash": "1.2.0",
        "create-hmac": "1.1.7",
        "elliptic": "6.5.3",
        "inherits": "2.0.3",
        "parse-asn1": "5.1.1"
      }
    },
    "browserify-zlib": {
      "version": "0.2.0",
      "resolved": "https://registry.npmjs.org/browserify-zlib/-/browserify-zlib-0.2.0.tgz",
      "integrity": "sha512-Z942RysHXmJrhqk88FmKBVq/v5tqmSkDz7p54G/MGyjMnCFFnC79XWNbg+Vta8W6Wb2qtSZTSxIGkJrRpCFEiA==",
      "requires": {
        "pako": "1.0.7"
      }
    },
    "buffer": {
      "version": "4.9.1",
      "resolved": "http://registry.npmjs.org/buffer/-/buffer-4.9.1.tgz",
      "integrity": "sha1-bRu2AbB6TvztlwlBMgkwJ8lbwpg=",
      "requires": {
        "base64-js": "1.3.0",
        "ieee754": "1.1.12",
        "isarray": "1.0.0"
      },
      "dependencies": {
        "isarray": {
          "version": "1.0.0",
          "resolved": "https://registry.npmjs.org/isarray/-/isarray-1.0.0.tgz",
          "integrity": "sha1-u5NdSFgsuhaMBoNJV6VKPgcSTxE="
        }
      }
    },
    "buffer-from": {
      "version": "1.1.1",
      "resolved": "https://registry.npmjs.org/buffer-from/-/buffer-from-1.1.1.tgz",
      "integrity": "sha512-MQcXEUbCKtEo7bhqEs6560Hyd4XaovZlO/k9V3hjVUF/zwW7KBVdSK4gIt/bzwS9MbR5qob+F5jusZsb0YQK2A=="
    },
    "buffer-indexof": {
      "version": "1.1.1",
      "resolved": "https://registry.npmjs.org/buffer-indexof/-/buffer-indexof-1.1.1.tgz",
      "integrity": "sha512-4/rOEg86jivtPTeOUUT61jJO1Ya1TrR/OkqCSZDyq84WJh3LuuiphBYJN+fm5xufIk4XAFcEwte/8WzC8If/1g=="
    },
    "buffer-xor": {
      "version": "1.0.3",
      "resolved": "https://registry.npmjs.org/buffer-xor/-/buffer-xor-1.0.3.tgz",
      "integrity": "sha1-JuYe0UIvtw3ULm42cp7VHYVf6Nk="
    },
    "builtin-status-codes": {
      "version": "3.0.0",
      "resolved": "https://registry.npmjs.org/builtin-status-codes/-/builtin-status-codes-3.0.0.tgz",
      "integrity": "sha1-hZgoeOIbmOHGZCXgPQF0eI9Wnug="
    },
    "bytes": {
      "version": "3.0.0",
      "resolved": "https://registry.npmjs.org/bytes/-/bytes-3.0.0.tgz",
      "integrity": "sha1-0ygVQE1olpn4Wk6k+odV3ROpYEg="
    },
    "cacache": {
      "version": "11.3.2",
      "resolved": "https://registry.npmjs.org/cacache/-/cacache-11.3.2.tgz",
      "integrity": "sha512-E0zP4EPGDOaT2chM08Als91eYnf8Z+eH1awwwVsngUmgppfM5jjJ8l3z5vO5p5w/I3LsiXawb1sW0VY65pQABg==",
      "requires": {
        "bluebird": "3.5.3",
        "chownr": "1.1.1",
        "figgy-pudding": "3.5.1",
        "glob": "7.1.3",
        "graceful-fs": "4.1.15",
        "lru-cache": "5.1.1",
        "mississippi": "3.0.0",
        "mkdirp": "0.5.1",
        "move-concurrently": "1.0.1",
        "promise-inflight": "1.0.1",
        "rimra
